<?xml version="1.0" encoding="utf-8"?>
<Project ToolsVersion="4.0" xmlns="http://schemas.microsoft.com/developer/msbuild/2003">
  <ItemGroup>
    <Filter Include="源文件">
      <UniqueIdentifier>{4FC737F1-C7A5-4376-A066-2A32D752A2FF}</UniqueIdentifier>
      <Extensions>cpp;c;cc;cxx;def;odl;idl;hpj;bat;asm;asmx</Extensions>
    </Filter>
    <Filter Include="头文件">
      <UniqueIdentifier>{93995380-89BD-4b04-88EB-625FBE52EBFB}</UniqueIdentifier>
      <Extensions>h;hpp;hxx;hm;inl;inc;xsd</Extensions>
    </Filter>
    <Filter Include="资源文件">
      <UniqueIdentifier>{67DA6AB6-F800-4c08-8B7A-83BB121AAD01}</UniqueIdentifier>
      <Extensions>rc;ico;cur;bmp;dlg;rc2;rct;bin;rgs;gif;jpg;jpeg;jpe;resx;tiff;tif;png;wav;mfcribbon-ms</Extensions>
    </Filter>
  </ItemGroup>
  <ItemGroup>
    <ClCompile Include="全局变量的定义和声明.c">
      <Filter>源文件</Filter>
    </ClCompile>
    <ClCompile Include="测试全局变量.c">
      <Filter>源文件</Filter>
    </ClCompile>
    <ClCompile Include="scope.c">
      <Filter>源文件</Filter>
    </ClCompile>
    <ClCompile Include="static全部变量.c">
      <Filter>源文件</Filter>
    </ClCompile>
    <ClCompile Include="static静态局部变量的作用域测试.c">
      <Filter>源文件</Filter>
    </ClCompile>
    <ClCompile Include="const.c">
      <Filter>源文件</Filter>
    </ClCompile>
    <ClCompile Include="register.c">
      <Filter>源文件</Filter>
    </ClCompile>
    <ClCompile Include="const-pointer.c">
      <Filter>源文件</Filter>
    </ClCompile>
    <ClCompile Include="const-string.c">
      <Filter>源文件</Filter>
    </ClCompile>
    <ClCompile Include="内存分区.c">
      <Filter>源文件</Filter>
    </ClCompile>
    <ClCompile Include="含参数的main.c">
      <Filter>源文件</Filter>
    </ClCompile>
    <ClCompile Include="random.c">
      <Filter>源文件</Filter>
    </ClCompile>
    <ClCompile Include="randow-application.c">
      <Filter>源文件</Filter>
    </ClCompile>
    <ClCompile Include="lingxing.c">
      <Filter>源文件</Filter>
    </ClCompile>
    <ClCompile Include="进制转换.c">
      <Filter>源文件</Filter>
    </ClCompile>
    <ClCompile Include="位字段使用.c">
      <Filter>源文件</Filter>
    </ClCompile>
    <ClCompile Include="fopen.c">
      <Filter>源文件</Filter>
    </ClCompile>
    <ClCompile Include="fopen_s.c">
      <Filter>源文件</Filter>
    </ClCompile>
    <ClCompile Include="file-operation.c">
      <Filter>源文件</Filter>
    </ClCompile>
    <ClCompile Include="file-operation-c.c">
      <Filter>源文件</Filter>
    </ClCompile>
    <ClCompile Include="fread-operation.c">
      <Filter>源文件</Filter>
    </ClCompile>
    <ClCompile Include="struct-file.c">
      <Filter>源文件</Filter>
    </ClCompile>
    <ClCompile Include="fputs-fgets.c">
      <Filter>源文件</Filter>
    </ClCompile>
    <ClCompile Include="fgets-operation.c">
      <Filter>源文件</Filter>
    </ClCompile>
    <ClCompile Include="fprints-fscanf.c">
      <Filter>源文件</Filter>
    </ClCompile>
  </ItemGroup>
  <ItemGroup>
    <ClInclude Include="scope.h">
      <Filter>头文件</Filter>
    </ClInclude>
  </ItemGroup>
</Project>